<Solution>
  <Folder Name="/src/">
    <Project Path="src/MagmaEdit.Auth/MagmaEdit.Auth.csproj" />
    <Project Path="src/MagmaEdit.Core/MagmaEdit.Core.csproj" />
    <Project Path="src/MagmaEdit.Integration/MagmaEdit.Integration.csproj" />
    <Project Path="src/MagmaEdit.Plugin.Abstractions/MagmaEdit.Plugin.Abstractions.csproj" />
    <Project Path="src/MagmaEdit.PluginHost/MagmaEdit.PluginHost.csproj" />
    <Project Path="src/MagmaEdit.Media.Sprocket/MagmaEdit.Media.Sprocket.csproj" />
    <Project Path="src/MagmaEdit.McpServer/MagmaEdit.McpServer.csproj" />
    <Project Path="src/MagmaEdit.App/MagmaEdit.App.csproj" />
    <Project Path="third_party/sprocket/src/Sprocket.Core/Sprocket.Core.csproj" />
    <Project Path="third_party/sprocket/src/Sprocket.Media/Sprocket.Media.csproj" />
    <Project Path="third_party/sprocket/src/Sprocket.Render/Sprocket.Render.csproj" />
    <Project Path="third_party/sprocket/src/Sprocket.Playback/Sprocket.Playback.csproj" />
  </Folder>
  <Folder Name="/tests/">
    <Project Path="tests/MagmaEdit.Auth.Tests/MagmaEdit.Auth.Tests.csproj" />
    <Project Path="tests/MagmaEdit.Core.Tests/MagmaEdit.Core.Tests.csproj" />
    <Project Path="tests/MagmaEdit.PluginHost.TestPlugin/MagmaEdit.PluginHost.TestPlugin.csproj" />
  </Folder>
</Solution>
